
Microsoft Visual Studio Solution File, Format Version 12.00
# Visual Studio 15
VisualStudioVersion = 15.0.27703.2042
MinimumVisualStudioVersion = 10.0.40219.1
Project("{FAE04EC0-301F-11D3-BF4B-00C04F79EFBC}") = "Bank", "Bank\Bank.csproj", "{5C1EB2EB-EF91-41F5-A1AE-6CA9F3A51892}"
EndProject
Project("{FAE04EC0-301F-11D3-BF4B-00C04F79EFBC}") = "BankLibrary", "BankLibrary\BankLibrary.csproj", "{37C58396-0602-47F7-8AC0-EC09E377BD9F}"
EndProject
Global
	GlobalSection(SolutionConfigurationPlatforms) = preSolution
		Debug|Any CPU = Debug|Any CPU
		Release|Any CPU = Release|Any CPU
	EndGlobalSection
	GlobalSection(ProjectConfigurationPlatforms) = postSolution
		{5C1EB2EB-EF91-41F5-A1AE-6CA9F3A51892}.Debug|Any CPU.ActiveCfg = Debug|Any CPU
		{5C1EB2EB-EF91-41F5-A1AE-6CA9F3A51892}.Debug|Any CPU.Build.0 = Debug|Any CPU
		{5C1EB2EB-EF91-41F5-A1AE-6CA9F3A51892}.Release|Any CPU.ActiveCfg = Release|Any CPU
		{5C1EB2EB-EF91-41F5-A1AE-6CA9F3A51892}.Release|Any CPU.Build.0 = Release|Any CPU
		{37C58396-0602-47F7-8AC0-EC09E377BD9F}.Debug|Any CPU.ActiveCfg = Debug|Any CPU
		{37C58396-0602-47F7-8AC0-EC09E377BD9F}.Debug|Any CPU.Build.0 = Debug|Any CPU
		{37C58396-0602-47F7-8AC0-EC09E377BD9F}.Release|Any CPU.ActiveCfg = Release|Any CPU
		{37C58396-0602-47F7-8AC0-EC09E377BD9F}.Release|Any CPU.Build.0 = Release|Any CPU
	EndGlobalSection
	GlobalSection(SolutionProperties) = preSolution
		HideSolutionNode = FALSE
	EndGlobalSection
	GlobalSection(ExtensibilityGlobals) = postSolution
		SolutionGuid = {27761888-46D7-4E67-8230-821369024C8B}
	EndGlobalSection
EndGlobal
